{
  "version": 4,
  "terraform_version": "0.12.29",
  "serial": 270,
  "lineage": "6074107d-8564-d786-aa65-32cb162ad66b",
  "outputs": {
    "MongoDBLogs_public_dns": {
      "value": "ec2-13-212-136-254.ap-southeast-1.compute.amazonaws.com",
      "type": "string"
    },
    "MongoDBMetadata_public_dns": {
      "value": "ec2-54-151-188-14.ap-southeast-1.compute.amazonaws.com",
      "type": "string"
    },
    "WebApp_elastic_ip": {
      "value": "ec2-13-251-240-210.ap-southeast-1.compute.amazonaws.com",
      "type": "string"
    },
    "mysql_public_dns": {
      "value": "ec2-18-139-1-245.ap-southeast-1.compute.amazonaws.com",
      "type": "string"
    },
    "vpc_id": {
      "value": "vpc-03d2a5a84e692b061",
      "type": "string"
    }
  },
  "resources": [
    {
      "mode": "managed",
      "type": "aws_eip",
      "name": "elastic_ip",
      "provider": "provider.aws",
      "instances": [
        {
          "schema_version": 0,
          "attributes": {
            "allocation_id": null,
            "associate_with_private_ip": null,
            "association_id": "eipassoc-0e6f3145e999485dc",
            "customer_owned_ip": "",
            "customer_owned_ipv4_pool": "",
            "domain": "vpc",
            "id": "eipalloc-0bfa454fc9e768901",
            "instance": "i-04355dae52095b930",
            "network_interface": "eni-032587130ac2169fe",
            "private_dns": "ip-172-2-0-20.ap-southeast-1.compute.internal",
            "private_ip": "172.2.0.20",
            "public_dns": "ec2-13-251-240-210.ap-southeast-1.compute.amazonaws.com",
            "public_ip": "13.251.240.210",
            "public_ipv4_pool": "amazon",
            "tags": null,
            "timeouts": null,
            "vpc": true
          },
          "private": "eyJlMmJmYjczMC1lY2FhLTExZTYtOGY4OC0zNDM2M2JjN2M0YzAiOnsiZGVsZXRlIjoxODAwMDAwMDAwMDAsInJlYWQiOjkwMDAwMDAwMDAwMCwidXBkYXRlIjozMDAwMDAwMDAwMDB9fQ==",
          "dependencies": [
            "aws_instance.WebApp",
            "aws_internet_gateway.igw",
            "aws_key_pair.deployer",
            "aws_security_group.main_security_group",
            "aws_subnet.WebAppPublicSubnet",
            "aws_vpc.main",
            "aws_vpc_ipv4_cidr_block_association.public_cidr"
          ]
        }
      ]
    },
    {
      "mode": "managed",
      "type": "aws_instance",
      "name": "MongoDBLogs",
      "provider": "provider.aws",
      "instances": [
        {
          "schema_version": 1,
          "attributes": {
            "ami": "ami-093da183b859d5a4b",
            "arn": "arn:aws:ec2:ap-southeast-1:483156523221:instance/i-0258eb2b63cc92ec7",
            "associate_public_ip_address": true,
            "availability_zone": "ap-southeast-1c",
            "cpu_core_count": 1,
            "cpu_threads_per_core": 1,
            "credit_specification": [
              {
                "cpu_credits": "standard"
              }
            ],
            "disable_api_termination": false,
            "ebs_block_device": [],
            "ebs_optimized": false,
            "ephemeral_block_device": [],
            "get_password_data": false,
            "hibernation": false,
            "host_id": null,
            "iam_instance_profile": "",
            "id": "i-0258eb2b63cc92ec7",
            "instance_initiated_shutdown_behavior": null,
            "instance_state": "running",
            "instance_type": "t2.micro",
            "ipv6_address_count": 0,
            "ipv6_addresses": [],
            "key_name": "kp",
            "metadata_options": [
              {
                "http_endpoint": "enabled",
                "http_put_response_hop_limit": 1,
                "http_tokens": "optional"
              }
            ],
            "monitoring": false,
            "network_interface": [],
            "outpost_arn": "",
            "password_data": "",
            "placement_group": "",
            "primary_network_interface_id": "eni-01002aa059957b04e",
            "private_dns": "ip-10-1-1-61.ap-southeast-1.compute.internal",
            "private_ip": "10.1.1.61",
            "public_dns": "ec2-13-212-136-254.ap-southeast-1.compute.amazonaws.com",
            "public_ip": "13.212.136.254",
            "root_block_device": [
              {
                "delete_on_termination": true,
                "device_name": "/dev/sda1",
                "encrypted": false,
                "iops": 100,
                "kms_key_id": "",
                "volume_id": "vol-0d91af431b000c731",
                "volume_size": 8,
                "volume_type": "gp2"
              }
            ],
            "secondary_private_ips": [],
            "security_groups": [],
            "source_dest_check": true,
            "subnet_id": "subnet-040ba06a772157152",
            "tags": {
              "Name": "MongoDBLogs"
            },
            "tenancy": "default",
            "timeouts": null,
            "user_data": "ba3a6f536edc79eaf02825801bb17c29f8859dc7",
            "user_data_base64": null,
            "volume_tags": {},
            "vpc_security_group_ids": [
              "sg-07a5233a566f5da8f"
            ]
          },
          "private": "eyJlMmJmYjczMC1lY2FhLTExZTYtOGY4OC0zNDM2M2JjN2M0YzAiOnsiY3JlYXRlIjo2MDAwMDAwMDAwMDAsImRlbGV0ZSI6MTIwMDAwMDAwMDAwMCwidXBkYXRlIjo2MDAwMDAwMDAwMDB9LCJzY2hlbWFfdmVyc2lvbiI6IjEifQ==",
          "dependencies": [
            "aws_internet_gateway.igw",
            "aws_key_pair.deployer",
            "aws_security_group.main_security_group",
            "aws_subnet.MongoDBLogsPrivateSubnet",
            "aws_vpc.main"
          ]
        }
      ]
    },
    {
      "mode": "managed",
      "type": "aws_instance",
      "name": "MongoDBMetadata",
      "provider": "provider.aws",
      "instances": [
        {
          "schema_version": 1,
          "attributes": {
            "ami": "ami-093da183b859d5a4b",
            "arn": "arn:aws:ec2:ap-southeast-1:483156523221:instance/i-0b8c6236259209275",
            "associate_public_ip_address": true,
            "availability_zone": "ap-southeast-1a",
            "cpu_core_count": 1,
            "cpu_threads_per_core": 1,
            "credit_specification": [
              {
                "cpu_credits": "standard"
              }
            ],
            "disable_api_termination": false,
            "ebs_block_device": [],
            "ebs_optimized": false,
            "ephemeral_block_device": [],
            "get_password_data": false,
            "hibernation": false,
            "host_id": null,
            "iam_instance_profile": "",
            "id": "i-0b8c6236259209275",
            "instance_initiated_shutdown_behavior": null,
            "instance_state": "running",
            "instance_type": "t2.micro",
            "ipv6_address_count": 0,
            "ipv6_addresses": [],
            "key_name": "kp",
            "metadata_options": [
              {
                "http_endpoint": "enabled",
                "http_put_response_hop_limit": 1,
                "http_tokens": "optional"
              }
            ],
            "monitoring": false,
            "network_interface": [],
            "outpost_arn": "",
            "password_data": "",
            "placement_group": "",
            "primary_network_interface_id": "eni-0803cdba1339b8ea4",
            "private_dns": "ip-10-1-2-137.ap-southeast-1.compute.internal",
            "private_ip": "10.1.2.137",
            "public_dns": "ec2-54-151-188-14.ap-southeast-1.compute.amazonaws.com",
            "public_ip": "54.151.188.14",
            "root_block_device": [
              {
                "delete_on_termination": true,
                "device_name": "/dev/sda1",
                "encrypted": false,
                "iops": 100,
                "kms_key_id": "",
                "volume_id": "vol-07b0d629e883c3077",
                "volume_size": 8,
                "volume_type": "gp2"
              }
            ],
            "secondary_private_ips": [],
            "security_groups": [],
            "source_dest_check": true,
            "subnet_id": "subnet-034713deda06406cd",
            "tags": {
              "Name": "MongoDBMetadata"
            },
            "tenancy": "default",
            "timeouts": null,
            "user_data": "5b5b9f91449d4c521d1edaa804dfc601f2ed5ccb",
            "user_data_base64": null,
            "volume_tags": {},
            "vpc_security_group_ids": [
              "sg-07a5233a566f5da8f"
            ]
          },
          "private": "eyJlMmJmYjczMC1lY2FhLTExZTYtOGY4OC0zNDM2M2JjN2M0YzAiOnsiY3JlYXRlIjo2MDAwMDAwMDAwMDAsImRlbGV0ZSI6MTIwMDAwMDAwMDAwMCwidXBkYXRlIjo2MDAwMDAwMDAwMDB9LCJzY2hlbWFfdmVyc2lvbiI6IjEifQ==",
          "dependencies": [
            "aws_internet_gateway.igw",
            "aws_key_pair.deployer",
            "aws_security_group.main_security_group",
            "aws_subnet.MongoDBMetadataPrivateSubnet",
            "aws_vpc.main"
          ]
        }
      ]
    },
    {
      "mode": "managed",
      "type": "aws_instance",
      "name": "Server_MySql",
      "provider": "provider.aws",
      "instances": [
        {
          "schema_version": 1,
          "attributes": {
            "ami": "ami-093da183b859d5a4b",
            "arn": "arn:aws:ec2:ap-southeast-1:483156523221:instance/i-08f069a2216329e8c",
            "associate_public_ip_address": true,
            "availability_zone": "ap-southeast-1b",
            "cpu_core_count": 1,
            "cpu_threads_per_core": 1,
            "credit_specification": [
              {
                "cpu_credits": "standard"
              }
            ],
            "disable_api_termination": false,
            "ebs_block_device": [],
            "ebs_optimized": false,
            "ephemeral_block_device": [],
            "get_password_data": false,
            "hibernation": false,
            "host_id": null,
            "iam_instance_profile": "",
            "id": "i-08f069a2216329e8c",
            "instance_initiated_shutdown_behavior": null,
            "instance_state": "running",
            "instance_type": "t2.micro",
            "ipv6_address_count": 0,
            "ipv6_addresses": [],
            "key_name": "kp",
            "metadata_options": [
              {
                "http_endpoint": "enabled",
                "http_put_response_hop_limit": 1,
                "http_tokens": "optional"
              }
            ],
            "monitoring": false,
            "network_interface": [],
            "outpost_arn": "",
            "password_data": "",
            "placement_group": "",
            "primary_network_interface_id": "eni-0cb11951811e1b618",
            "private_dns": "ip-10-1-0-136.ap-southeast-1.compute.internal",
            "private_ip": "10.1.0.136",
            "public_dns": "ec2-18-139-1-245.ap-southeast-1.compute.amazonaws.com",
            "public_ip": "18.139.1.245",
            "root_block_device": [
              {
                "delete_on_termination": true,
                "device_name": "/dev/sda1",
                "encrypted": false,
                "iops": 100,
                "kms_key_id": "",
                "volume_id": "vol-0ca40c214e5420461",
                "volume_size": 8,
                "volume_type": "gp2"
              }
            ],
            "secondary_private_ips": [],
            "security_groups": [],
            "source_dest_check": true,
            "subnet_id": "subnet-0ec0bf40b56d2e7b3",
            "tags": {
              "Name": "Server_MySql"
            },
            "tenancy": "default",
            "timeouts": null,
            "user_data": "f14da65f6fb39ae8e5b952fac593027ed65e081b",
            "user_data_base64": null,
            "volume_tags": {},
            "vpc_security_group_ids": [
              "sg-07a5233a566f5da8f"
            ]
          },
          "private": "eyJlMmJmYjczMC1lY2FhLTExZTYtOGY4OC0zNDM2M2JjN2M0YzAiOnsiY3JlYXRlIjo2MDAwMDAwMDAwMDAsImRlbGV0ZSI6MTIwMDAwMDAwMDAwMCwidXBkYXRlIjo2MDAwMDAwMDAwMDB9LCJzY2hlbWFfdmVyc2lvbiI6IjEifQ==",
          "dependencies": [
            "aws_internet_gateway.igw",
            "aws_key_pair.deployer",
            "aws_security_group.main_security_group",
            "aws_subnet.MySqlPrivateSubnet",
            "aws_vpc.main"
          ]
        }
      ]
    },
    {
      "mode": "managed",
      "type": "aws_instance",
      "name": "WebApp",
      "provider": "provider.aws",
      "instances": [
        {
          "schema_version": 1,
          "attributes": {
            "ami": "ami-093da183b859d5a4b",
            "arn": "arn:aws:ec2:ap-southeast-1:483156523221:instance/i-04355dae52095b930",
            "associate_public_ip_address": true,
            "availability_zone": "ap-southeast-1a",
            "cpu_core_count": 1,
            "cpu_threads_per_core": 1,
            "credit_specification": [
              {
                "cpu_credits": "standard"
              }
            ],
            "disable_api_termination": false,
            "ebs_block_device": [],
            "ebs_optimized": false,
            "ephemeral_block_device": [],
            "get_password_data": false,
            "hibernation": false,
            "host_id": null,
            "iam_instance_profile": "",
            "id": "i-04355dae52095b930",
            "instance_initiated_shutdown_behavior": null,
            "instance_state": "running",
            "instance_type": "t2.micro",
            "ipv6_address_count": 0,
            "ipv6_addresses": [],
            "key_name": "kp",
            "metadata_options": [
              {
                "http_endpoint": "enabled",
                "http_put_response_hop_limit": 1,
                "http_tokens": "optional"
              }
            ],
            "monitoring": false,
            "network_interface": [],
            "outpost_arn": "",
            "password_data": "",
            "placement_group": "",
            "primary_network_interface_id": "eni-032587130ac2169fe",
            "private_dns": "ip-172-2-0-20.ap-southeast-1.compute.internal",
            "private_ip": "172.2.0.20",
            "public_dns": "ec2-52-221-215-127.ap-southeast-1.compute.amazonaws.com",
            "public_ip": "52.221.215.127",
            "root_block_device": [
              {
                "delete_on_termination": true,
                "device_name": "/dev/sda1",
                "encrypted": false,
                "iops": 100,
                "kms_key_id": "",
                "volume_id": "vol-032d207d1c7fa1c27",
                "volume_size": 8,
                "volume_type": "gp2"
              }
            ],
            "secondary_private_ips": [],
            "security_groups": [],
            "source_dest_check": true,
            "subnet_id": "subnet-03c922b1f058afb59",
            "tags": {
              "Name": "WebApp"
            },
            "tenancy": "default",
            "timeouts": null,
            "user_data": "c65584faf10ccd2b3ff2d7ee0dc00772e592facb",
            "user_data_base64": null,
            "volume_tags": {},
            "vpc_security_group_ids": [
              "sg-07a5233a566f5da8f"
            ]
          },
          "private": "eyJlMmJmYjczMC1lY2FhLTExZTYtOGY4OC0zNDM2M2JjN2M0YzAiOnsiY3JlYXRlIjo2MDAwMDAwMDAwMDAsImRlbGV0ZSI6MTIwMDAwMDAwMDAwMCwidXBkYXRlIjo2MDAwMDAwMDAwMDB9LCJzY2hlbWFfdmVyc2lvbiI6IjEifQ==",
          "dependencies": [
            "aws_internet_gateway.igw",
            "aws_key_pair.deployer",
            "aws_security_group.main_security_group",
            "aws_subnet.WebAppPublicSubnet",
            "aws_vpc.main",
            "aws_vpc_ipv4_cidr_block_association.public_cidr"
          ]
        }
      ]
    },
    {
      "mode": "managed",
      "type": "aws_internet_gateway",
      "name": "igw",
      "provider": "provider.aws",
      "instances": [
        {
          "schema_version": 0,
          "attributes": {
            "arn": "arn:aws:ec2:ap-southeast-1:483156523221:internet-gateway/igw-0f90c7158235c5bc0",
            "id": "igw-0f90c7158235c5bc0",
            "owner_id": "483156523221",
            "tags": {
              "Name": "igw"
            },
            "vpc_id": "vpc-03d2a5a84e692b061"
          },
          "private": "bnVsbA==",
          "dependencies": [
            "aws_vpc.main"
          ]
        }
      ]
    },
    {
      "mode": "managed",
      "type": "aws_key_pair",
      "name": "deployer",
      "provider": "provider.aws",
      "instances": [
        {
          "schema_version": 1,
          "attributes": {
            "arn": "arn:aws:ec2:ap-southeast-1:483156523221:key-pair/kp",
            "fingerprint": "ea:65:ad:5c:4f:3e:95:9c:f3:4f:8a:17:01:bd:87:91",
            "id": "kp",
            "key_name": "kp",
            "key_name_prefix": null,
            "key_pair_id": "key-0e55538e9038849e7",
            "public_key": "ssh-rsa AAAAB3NzaC1yc2EAAAADAQABAAABAQCCxJqlQE1v/PMhXSP8TgP/K0jGW6xKR9ea/6ipl5+IvXL5rfLD1k4XYnYoiDc7rIuQILOYH0UyM4SxdUXYsBh8hQkefLOB9AgyHTywyXiU+wqNdC623MRJLYVn1eWMVHOiUZPi63Ltw9zh12YnDjBOUCi1AEXmcCNzC2sUEN37LGqk2VPHzOC+KdPbJMyGVB30bCVXc3XzxNNb+Y/DgYkfcX9Fwp/Uj0+ZouCmOFVuk7EbqE7LNPpp5/xt4JbF/ouDR+Tymci6atC+nDm2fOjqk8FWsHvISTy9rQLAi+hhE78Jb1roHr0lT2CkApkYF1cURgDfeiowYNNYDNoEBwZ5",
            "tags": null
          },
          "private": "eyJzY2hlbWFfdmVyc2lvbiI6IjEifQ=="
        }
      ]
    },
    {
      "mode": "managed",
      "type": "aws_main_route_table_association",
      "name": "a",
      "provider": "provider.aws",
      "instances": [
        {
          "schema_version": 0,
          "attributes": {
            "id": "rtbassoc-0397f4bd0c5a50a2e",
            "original_route_table_id": "rtb-010b7547207723b14",
            "route_table_id": "rtb-0e620ab9644f3f999",
            "vpc_id": "vpc-03d2a5a84e692b061"
          },
          "private": "bnVsbA==",
          "dependencies": [
            "aws_internet_gateway.igw",
            "aws_route_table.route-table",
            "aws_vpc.main"
          ]
        }
      ]
    },
    {
      "mode": "managed",
      "type": "aws_route_table",
      "name": "route-table",
      "provider": "provider.aws",
      "instances": [
        {
          "schema_version": 0,
          "attributes": {
            "id": "rtb-0e620ab9644f3f999",
            "owner_id": "483156523221",
            "propagating_vgws": [],
            "route": [
              {
                "cidr_block": "0.0.0.0/0",
                "egress_only_gateway_id": "",
                "gateway_id": "igw-0f90c7158235c5bc0",
                "instance_id": "",
                "ipv6_cidr_block": "",
                "local_gateway_id": "",
                "nat_gateway_id": "",
                "network_interface_id": "",
                "transit_gateway_id": "",
                "vpc_peering_connection_id": ""
              }
            ],
            "tags": {
              "Name": "route-table"
            },
            "vpc_id": "vpc-03d2a5a84e692b061"
          },
          "private": "bnVsbA==",
          "dependencies": [
            "aws_internet_gateway.igw",
            "aws_vpc.main"
          ]
        }
      ]
    },
    {
      "mode": "managed",
      "type": "aws_route_table_association",
      "name": "subnet-association",
      "provider": "provider.aws",
      "instances": [
        {
          "schema_version": 0,
          "attributes": {
            "gateway_id": null,
            "id": "rtbassoc-0398fb31ce900ba99",
            "route_table_id": "rtb-0e620ab9644f3f999",
            "subnet_id": "subnet-03c922b1f058afb59"
          },
          "private": "bnVsbA==",
          "dependencies": [
            "aws_internet_gateway.igw",
            "aws_route_table.route-table",
            "aws_subnet.WebAppPublicSubnet",
            "aws_vpc.main",
            "aws_vpc_ipv4_cidr_block_association.public_cidr"
          ]
        }
      ]
    },
    {
      "mode": "managed",
      "type": "aws_security_group",
      "name": "main_security_group",
      "provider": "provider.aws",
      "instances": [
        {
          "schema_version": 1,
          "attributes": {
            "arn": "arn:aws:ec2:ap-southeast-1:483156523221:security-group/sg-07a5233a566f5da8f",
            "description": "Managed by Terraform",
            "egress": [
              {
                "cidr_blocks": [
                  "0.0.0.0/0"
                ],
                "description": "",
                "from_port": 0,
                "ipv6_cidr_blocks": [],
                "prefix_list_ids": [],
                "protocol": "-1",
                "security_groups": [],
                "self": false,
                "to_port": 0
              }
            ],
            "id": "sg-07a5233a566f5da8f",
            "ingress": [
              {
                "cidr_blocks": [
                  "0.0.0.0/0"
                ],
                "description": "",
                "from_port": 22,
                "ipv6_cidr_blocks": [],
                "prefix_list_ids": [],
                "protocol": "tcp",
                "security_groups": [],
                "self": false,
                "to_port": 22
              },
              {
                "cidr_blocks": [
                  "0.0.0.0/0"
                ],
                "description": "",
                "from_port": 27017,
                "ipv6_cidr_blocks": [],
                "prefix_list_ids": [],
                "protocol": "tcp",
                "security_groups": [],
                "self": false,
                "to_port": 27017
              },
              {
                "cidr_blocks": [
                  "0.0.0.0/0"
                ],
                "description": "",
                "from_port": 3306,
                "ipv6_cidr_blocks": [],
                "prefix_list_ids": [],
                "protocol": "tcp",
                "security_groups": [],
                "self": false,
                "to_port": 3306
              },
              {
                "cidr_blocks": [
                  "0.0.0.0/0"
                ],
                "description": "",
                "from_port": 80,
                "ipv6_cidr_blocks": [],
                "prefix_list_ids": [],
                "protocol": "tcp",
                "security_groups": [],
                "self": false,
                "to_port": 80
              }
            ],
            "name": "main_security_group",
            "name_prefix": "",
            "owner_id": "483156523221",
            "revoke_rules_on_delete": false,
            "tags": null,
            "timeouts": null,
            "vpc_id": "vpc-03d2a5a84e692b061"
          },
          "private": "eyJlMmJmYjczMC1lY2FhLTExZTYtOGY4OC0zNDM2M2JjN2M0YzAiOnsiY3JlYXRlIjo2MDAwMDAwMDAwMDAsImRlbGV0ZSI6NjAwMDAwMDAwMDAwfSwic2NoZW1hX3ZlcnNpb24iOiIxIn0=",
          "dependencies": [
            "aws_vpc.main"
          ]
        }
      ]
    },
    {
      "mode": "managed",
      "type": "aws_subnet",
      "name": "MongoDBLogsPrivateSubnet",
      "provider": "provider.aws",
      "instances": [
        {
          "schema_version": 1,
          "attributes": {
            "arn": "arn:aws:ec2:ap-southeast-1:483156523221:subnet/subnet-040ba06a772157152",
            "assign_ipv6_address_on_creation": false,
            "availability_zone": "ap-southeast-1c",
            "availability_zone_id": "apse1-az3",
            "cidr_block": "10.1.1.0/24",
            "id": "subnet-040ba06a772157152",
            "ipv6_cidr_block": "",
            "ipv6_cidr_block_association_id": "",
            "map_public_ip_on_launch": false,
            "outpost_arn": "",
            "owner_id": "483156523221",
            "tags": {
              "Name": "MongoDBLogsPrivateSubnet"
            },
            "timeouts": null,
            "vpc_id": "vpc-03d2a5a84e692b061"
          },
          "private": "eyJlMmJmYjczMC1lY2FhLTExZTYtOGY4OC0zNDM2M2JjN2M0YzAiOnsiY3JlYXRlIjo2MDAwMDAwMDAwMDAsImRlbGV0ZSI6MTIwMDAwMDAwMDAwMH0sInNjaGVtYV92ZXJzaW9uIjoiMSJ9",
          "dependencies": [
            "aws_vpc.main"
          ]
        }
      ]
    },
    {
      "mode": "managed",
      "type": "aws_subnet",
      "name": "MongoDBMetadataPrivateSubnet",
      "provider": "provider.aws",
      "instances": [
        {
          "schema_version": 1,
          "attributes": {
            "arn": "arn:aws:ec2:ap-southeast-1:483156523221:subnet/subnet-034713deda06406cd",
            "assign_ipv6_address_on_creation": false,
            "availability_zone": "ap-southeast-1a",
            "availability_zone_id": "apse1-az2",
            "cidr_block": "10.1.2.0/24",
            "id": "subnet-034713deda06406cd",
            "ipv6_cidr_block": "",
            "ipv6_cidr_block_association_id": "",
            "map_public_ip_on_launch": false,
            "outpost_arn": "",
            "owner_id": "483156523221",
            "tags": {
              "Name": "MongoDBMetadataPrivateSubnet"
            },
            "timeouts": null,
            "vpc_id": "vpc-03d2a5a84e692b061"
          },
          "private": "eyJlMmJmYjczMC1lY2FhLTExZTYtOGY4OC0zNDM2M2JjN2M0YzAiOnsiY3JlYXRlIjo2MDAwMDAwMDAwMDAsImRlbGV0ZSI6MTIwMDAwMDAwMDAwMH0sInNjaGVtYV92ZXJzaW9uIjoiMSJ9",
          "dependencies": [
            "aws_vpc.main"
          ]
        }
      ]
    },
    {
      "mode": "managed",
      "type": "aws_subnet",
      "name": "MySqlPrivateSubnet",
      "provider": "provider.aws",
      "instances": [
        {
          "schema_version": 1,
          "attributes": {
            "arn": "arn:aws:ec2:ap-southeast-1:483156523221:subnet/subnet-0ec0bf40b56d2e7b3",
            "assign_ipv6_address_on_creation": false,
            "availability_zone": "ap-southeast-1b",
            "availability_zone_id": "apse1-az1",
            "cidr_block": "10.1.0.0/24",
            "id": "subnet-0ec0bf40b56d2e7b3",
            "ipv6_cidr_block": "",
            "ipv6_cidr_block_association_id": "",
            "map_public_ip_on_launch": false,
            "outpost_arn": "",
            "owner_id": "483156523221",
            "tags": {
              "Name": "MySqlPrivateSubnet"
            },
            "timeouts": null,
            "vpc_id": "vpc-03d2a5a84e692b061"
          },
          "private": "eyJlMmJmYjczMC1lY2FhLTExZTYtOGY4OC0zNDM2M2JjN2M0YzAiOnsiY3JlYXRlIjo2MDAwMDAwMDAwMDAsImRlbGV0ZSI6MTIwMDAwMDAwMDAwMH0sInNjaGVtYV92ZXJzaW9uIjoiMSJ9",
          "dependencies": [
            "aws_vpc.main"
          ]
        }
      ]
    },
    {
      "mode": "managed",
      "type": "aws_subnet",
      "name": "WebAppPublicSubnet",
      "provider": "provider.aws",
      "instances": [
        {
          "schema_version": 1,
          "attributes": {
            "arn": "arn:aws:ec2:ap-southeast-1:483156523221:subnet/subnet-03c922b1f058afb59",
            "assign_ipv6_address_on_creation": false,
            "availability_zone": "ap-southeast-1a",
            "availability_zone_id": "apse1-az2",
            "cidr_block": "172.2.0.0/24",
            "id": "subnet-03c922b1f058afb59",
            "ipv6_cidr_block": "",
            "ipv6_cidr_block_association_id": "",
            "map_public_ip_on_launch": false,
            "outpost_arn": "",
            "owner_id": "483156523221",
            "tags": {
              "Name": "WebAppPublicSubnet"
            },
            "timeouts": null,
            "vpc_id": "vpc-03d2a5a84e692b061"
          },
          "private": "eyJlMmJmYjczMC1lY2FhLTExZTYtOGY4OC0zNDM2M2JjN2M0YzAiOnsiY3JlYXRlIjo2MDAwMDAwMDAwMDAsImRlbGV0ZSI6MTIwMDAwMDAwMDAwMH0sInNjaGVtYV92ZXJzaW9uIjoiMSJ9",
          "dependencies": [
            "aws_vpc.main",
            "aws_vpc_ipv4_cidr_block_association.public_cidr"
          ]
        }
      ]
    },
    {
      "mode": "managed",
      "type": "aws_vpc",
      "name": "main",
      "provider": "provider.aws",
      "instances": [
        {
          "schema_version": 1,
          "attributes": {
            "arn": "arn:aws:ec2:ap-southeast-1:483156523221:vpc/vpc-03d2a5a84e692b061",
            "assign_generated_ipv6_cidr_block": false,
            "cidr_block": "10.1.0.0/16",
            "default_network_acl_id": "acl-08611e9a371b5ce59",
            "default_route_table_id": "rtb-010b7547207723b14",
            "default_security_group_id": "sg-0cfede9684a54cf76",
            "dhcp_options_id": "dopt-22d3c345",
            "enable_classiclink": false,
            "enable_classiclink_dns_support": false,
            "enable_dns_hostnames": true,
            "enable_dns_support": true,
            "id": "vpc-03d2a5a84e692b061",
            "instance_tenancy": "default",
            "ipv6_association_id": "",
            "ipv6_cidr_block": "",
            "main_route_table_id": "rtb-010b7547207723b14",
            "owner_id": "483156523221",
            "tags": {
              "Name": "main"
            }
          },
          "private": "eyJzY2hlbWFfdmVyc2lvbiI6IjEifQ=="
        }
      ]
    },
    {
      "mode": "managed",
      "type": "aws_vpc_ipv4_cidr_block_association",
      "name": "public_cidr",
      "provider": "provider.aws",
      "instances": [
        {
          "schema_version": 0,
          "attributes": {
            "cidr_block": "172.2.0.0/16",
            "id": "vpc-cidr-assoc-0562a5646b302852c",
            "timeouts": null,
            "vpc_id": "vpc-03d2a5a84e692b061"
          },
          "private": "eyJlMmJmYjczMC1lY2FhLTExZTYtOGY4OC0zNDM2M2JjN2M0YzAiOnsiY3JlYXRlIjo2MDAwMDAwMDAwMDAsImRlbGV0ZSI6NjAwMDAwMDAwMDAwfX0=",
          "dependencies": [
            "aws_vpc.main"
          ]
        }
      ]
    }
  ]
}
